lockfileVersion: '9.0'

settings:
  autoInstallPeers: true
  excludeLinksFromLockfile: false

importers:

  .:
    dependencies:
      '@mjackson/multipart-parser':
        specifier: ^0.10.1
        version: 0.10.1

packages:

  '@mjackson/headers@0.11.1':
    resolution: {integrity: sha512-uXXhd4rtDdDwkqAuGef1nuafkCa1NlTmEc1Jzc0NL4YiA1yON1NFXuqJ3hOuKvNKQwkiDwdD+JJlKVyz4dunFA==}

  '@mjackson/multipart-parser@0.10.1':
    resolution: {integrity: sha512-cHMD6+ErH/DrEfC0N6Ru/+1eAdavxdV0C35PzSb5/SD7z3XoaDMc16xPJcb8CahWjSpqHY+Too9sAb6/UNuq7A==}

snapshots:

  '@mjackson/headers@0.11.1': {}

  '@mjackson/multipart-parser@0.10.1':
    dependencies:
      '@mjackson/headers': 0.11.1
